
Microsoft Visual Studio Solution File, Format Version 12.00
# Visual Studio Express 2012 for Windows Desktop
Project("{FAE04EC0-301F-11D3-BF4B-00C04F79EFBC}") = "Euler1", "EulerOne\Euler1.csproj", "{D5D31C3F-8E6E-418E-A528-61B7CBD08043}"
EndProject
Global
	GlobalSection(SolutionConfigurationPlatforms) = preSolution
		Debug|Any CPU = Debug|Any CPU
		Release|Any CPU = Release|Any CPU
	EndGlobalSection
	GlobalSection(ProjectConfigurationPlatforms) = postSolution
		{D5D31C3F-8E6E-418E-A528-61B7CBD08043}.Debug|Any CPU.ActiveCfg = Debug|Any CPU
		{D5D31C3F-8E6E-418E-A528-61B7CBD08043}.Debug|Any CPU.Build.0 = Debug|Any CPU
		{D5D31C3F-8E6E-418E-A528-61B7CBD08043}.Release|Any CPU.ActiveCfg = Release|Any CPU
		{D5D31C3F-8E6E-418E-A528-61B7CBD08043}.Release|Any CPU.Build.0 = Release|Any CPU
	EndGlobalSection
	GlobalSection(SolutionProperties) = preSolution
		HideSolutionNode = FALSE
	EndGlobalSection
EndGlobal
